
Microsoft Visual Studio Solution File, Format Version 12.00
# Visual Studio 15
VisualStudioVersion = 15.0.28010.2016
MinimumVisualStudioVersion = 10.0.40219.1
Project("{FAE04EC0-301F-11D3-BF4B-00C04F79EFBC}") = "Pair Programming Using Collections", "Pair Programming Using Collections\Pair Programming Using Collections.csproj", "{89986D9D-6797-40AC-97BF-A38670AA8E84}"
EndProject
Global
	GlobalSection(SolutionConfigurationPlatforms) = preSolution
		Debug|Any CPU = Debug|Any CPU
		Release|Any CPU = Release|Any CPU
	EndGlobalSection
	GlobalSection(ProjectConfigurationPlatforms) = postSolution
		{89986D9D-6797-40AC-97BF-A38670AA8E84}.Debug|Any CPU.ActiveCfg = Debug|Any CPU
		{89986D9D-6797-40AC-97BF-A38670AA8E84}.Debug|Any CPU.Build.0 = Debug|Any CPU
		{89986D9D-6797-40AC-97BF-A38670AA8E84}.Release|Any CPU.ActiveCfg = Release|Any CPU
		{89986D9D-6797-40AC-97BF-A38670AA8E84}.Release|Any CPU.Build.0 = Release|Any CPU
	EndGlobalSection
	GlobalSection(SolutionProperties) = preSolution
		HideSolutionNode = FALSE
	EndGlobalSection
	GlobalSection(ExtensibilityGlobals) = postSolution
		SolutionGuid = {2BFE2D5D-6E40-43DF-9648-20C8C3082EAD}
	EndGlobalSection
EndGlobal
